
Microsoft Visual Studio Solution File, Format Version 12.00
# Visual Studio Version 16
VisualStudioVersion = 16.0.30907.101
MinimumVisualStudioVersion = 10.0.40219.1
Project("{FAE04EC0-301F-11D3-BF4B-00C04F79EFBC}") = "ClassMetotDemo", "ClassMetotDemo\ClassMetotDemo.csproj", "{A2198B88-99CE-4DBC-9A34-E885AC79384C}"
EndProject
Global
	GlobalSection(SolutionConfigurationPlatforms) = preSolution
		Debug|Any CPU = Debug|Any CPU
		Release|Any CPU = Release|Any CPU
	EndGlobalSection
	GlobalSection(ProjectConfigurationPlatforms) = postSolution
		{A2198B88-99CE-4DBC-9A34-E885AC79384C}.Debug|Any CPU.ActiveCfg = Debug|Any CPU
		{A2198B88-99CE-4DBC-9A34-E885AC79384C}.Debug|Any CPU.Build.0 = Debug|Any CPU
		{A2198B88-99CE-4DBC-9A34-E885AC79384C}.Release|Any CPU.ActiveCfg = Release|Any CPU
		{A2198B88-99CE-4DBC-9A34-E885AC79384C}.Release|Any CPU.Build.0 = Release|Any CPU
	EndGlobalSection
	GlobalSection(SolutionProperties) = preSolution
		HideSolutionNode = FALSE
	EndGlobalSection
	GlobalSection(ExtensibilityGlobals) = postSolution
		SolutionGuid = {65B2F139-8B44-4266-8C4C-CC27768B8CE3}
	EndGlobalSection
EndGlobal
